# Generated by pub
# See http://pub.dartlang.org/doc/glossary.html#lockfile
packages:
  analyzer:
    description:
      name: analyzer
      url: "https://pub.dartlang.org"
    source: hosted
    version: "0.26.1+14"
  ansicolor:
    description:
      name: ansicolor
      url: "https://pub.dartlang.org"
    source: hosted
    version: "0.0.9"
  args:
    description:
      name: args
      url: "https://pub.dartlang.org"
    source: hosted
    version: "0.13.3+4"
  async:
    description:
      name: async
      url: "https://pub.dartlang.org"
    source: hosted
    version: "1.8.0"
  barback:
    description:
      name: barback
      url: "https://pub.dartlang.org"
    source: hosted
    version: "0.15.2+7"
  binary_declarations:
    description:
      name: binary_declarations
      url: "https://pub.dartlang.org"
    source: hosted
    version: "0.0.60"
  binary_interop:
    description:
      name: binary_interop
      url: "https://pub.dartlang.org"
    source: hosted
    version: "0.0.33"
  binary_types:
    description:
      name: binary_types
      url: "https://pub.dartlang.org"
    source: hosted
    version: "0.0.55"
  boolean_selector:
    description:
      name: boolean_selector
      url: "https://pub.dartlang.org"
    source: hosted
    version: "1.0.0"
  bootstrap:
    description:
      name: bootstrap
      url: "https://pub.dartlang.org"
    source: hosted
    version: "3.3.4"
  browser:
    description:
      name: browser
      url: "https://pub.dartlang.org"
    source: hosted
    version: "0.10.0+2"
  build_tools:
    description:
      name: build_tools
      url: "https://pub.dartlang.org"
    source: hosted
    version: "0.0.15"
  ccompilers:
    description:
      name: ccompilers
      url: "https://pub.dartlang.org"
    source: hosted
    version: "0.2.11"
  charcode:
    description:
      name: charcode
      url: "https://pub.dartlang.org"
    source: hosted
    version: "1.1.0"
  cli_util:
    description:
      name: cli_util
      url: "https://pub.dartlang.org"
    source: hosted
    version: "0.0.1+2"
  code_transformers:
    description:
      name: code_transformers
      url: "https://pub.dartlang.org"
    source: hosted
    version: "0.2.11"
  codemirror:
    description:
      name: codemirror
      url: "https://pub.dartlang.org"
    source: hosted
    version: "0.4.0+5.8.0"
  collection:
    description:
      name: collection
      url: "https://pub.dartlang.org"
    source: hosted
    version: "1.4.0"
  coverage:
    description:
      name: coverage
      url: "https://pub.dartlang.org"
    source: hosted
    version: "0.7.3"
  crypto:
    description:
      name: crypto
      url: "https://pub.dartlang.org"
    source: hosted
    version: "0.9.1"
  csslib:
    description:
      name: csslib
      url: "https://pub.dartlang.org"
    source: hosted
    version: "0.12.2"
  dart_dev:
    description:
      name: dart_dev
      url: "https://pub.dartlang.org"
    source: hosted
    version: "1.1.1"
  dart_style:
    description:
      name: dart_style
      url: "https://pub.dartlang.org"
    source: hosted
    version: "0.2.1"
  dart_to_js_script_rewriter:
    description:
      name: dart_to_js_script_rewriter
      url: "https://pub.dartlang.org"
    source: hosted
    version: "1.0.1"
  dartdoc:
    description:
      name: dartdoc
      url: "https://pub.dartlang.org"
    source: hosted
    version: "0.4.0"
  dbcrypt:
    description:
      name: dbcrypt
      url: "https://pub.dartlang.org"
    source: hosted
    version: "0.2.1"
  drandom:
    description:
      name: drandom
      url: "https://pub.dartlang.org"
    source: hosted
    version: "0.0.3"
  file_utils:
    description:
      name: file_utils
      url: "https://pub.dartlang.org"
    source: hosted
    version: "0.0.23"
  glob:
    description:
      name: glob
      url: "https://pub.dartlang.org"
    source: hosted
    version: "1.1.0"
  globbing:
    description:
      name: globbing
      url: "https://pub.dartlang.org"
    source: hosted
    version: "0.1.20"
  html:
    description:
      name: html
      url: "https://pub.dartlang.org"
    source: hosted
    version: "0.12.2+1"
  html5lib:
    description:
      name: html5lib
      url: "https://pub.dartlang.org"
    source: hosted
    version: "0.12.1"
  http:
    description:
      name: http
      url: "https://pub.dartlang.org"
    source: hosted
    version: "0.11.3+3"
  http_multi_server:
    description:
      name: http_multi_server
      url: "https://pub.dartlang.org"
    source: hosted
    version: "2.0.0"
  http_parser:
    description:
      name: http_parser
      url: "https://pub.dartlang.org"
    source: hosted
    version: "2.1.0"
  http_server:
    description:
      name: http_server
      url: "https://pub.dartlang.org"
    source: hosted
    version: "0.9.5+1"
  initialize:
    description:
      name: initialize
      url: "https://pub.dartlang.org"
    source: hosted
    version: "0.6.1+2"
  json_rpc_2:
    description:
      name: json_rpc_2
      url: "https://pub.dartlang.org"
    source: hosted
    version: "1.2.0"
  libc:
    description:
      name: libc
      url: "https://pub.dartlang.org"
    source: hosted
    version: "0.0.10"
  libffi6_extension:
    description:
      name: libffi6_extension
      url: "https://pub.dartlang.org"
    source: hosted
    version: "0.0.12"
  libffi6_support:
    description:
      name: libffi6_support
      url: "https://pub.dartlang.org"
    source: hosted
    version: "0.0.1"
  libffi_binaries:
    description:
      name: libffi_binaries
      url: "https://pub.dartlang.org"
    source: hosted
    version: "0.6.7"
  lists:
    description:
      name: lists
      url: "https://pub.dartlang.org"
    source: hosted
    version: "0.0.21"
  logging:
    description:
      name: logging
      url: "https://pub.dartlang.org"
    source: hosted
    version: "0.11.2"
  macro_processor:
    description:
      name: macro_processor
      url: "https://pub.dartlang.org"
    source: hosted
    version: "0.0.14"
  markdown:
    description:
      name: markdown
      url: "https://pub.dartlang.org"
    source: hosted
    version: "0.7.2"
  matcher:
    description:
      name: matcher
      url: "https://pub.dartlang.org"
    source: hosted
    version: "0.12.0+1"
  mime:
    description:
      name: mime
      url: "https://pub.dartlang.org"
    source: hosted
    version: "0.9.3"
  mustache4dart:
    description:
      name: mustache4dart
      url: "https://pub.dartlang.org"
    source: hosted
    version: "1.0.10"
  options_file:
    description:
      name: options_file
      url: "https://pub.dartlang.org"
    source: hosted
    version: "0.11.0"
  package_config:
    description:
      name: package_config
      url: "https://pub.dartlang.org"
    source: hosted
    version: "0.1.3"
  parser_error:
    description:
      name: parser_error
      url: "https://pub.dartlang.org"
    source: hosted
    version: "0.0.1"
  path:
    description:
      name: path
      url: "https://pub.dartlang.org"
    source: hosted
    version: "1.3.9"
  patsubst:
    description:
      name: patsubst
      url: "https://pub.dartlang.org"
    source: hosted
    version: "0.0.9"
  plugin:
    description:
      name: plugin
      url: "https://pub.dartlang.org"
    source: hosted
    version: "0.1.0"
  polymer:
    description:
      name: polymer
      url: "https://pub.dartlang.org"
    source: hosted
    version: "1.0.0-rc.9"
  polymer_elements:
    description:
      name: polymer_elements
      url: "https://pub.dartlang.org"
    source: hosted
    version: "0.0.2"
  polymer_interop:
    description:
      name: polymer_interop
      url: "https://pub.dartlang.org"
    source: hosted
    version: "1.0.0-rc.7"
  pool:
    description:
      name: pool
      url: "https://pub.dartlang.org"
    source: hosted
    version: "1.2.1"
  postgresql:
    description:
      name: postgresql
      url: "https://pub.dartlang.org"
    source: hosted
    version: "0.3.3"
  pub_cache:
    description:
      name: pub_cache
      url: "https://pub.dartlang.org"
    source: hosted
    version: "0.1.0"
  pub_semver:
    description:
      name: pub_semver
      url: "https://pub.dartlang.org"
    source: hosted
    version: "1.2.3"
  quiver:
    description:
      name: quiver
      url: "https://pub.dartlang.org"
    source: hosted
    version: "0.21.4"
  react:
    description:
      name: react
      url: "https://pub.dartlang.org"
    source: hosted
    version: "0.8.8"
  reflectable:
    description:
      name: reflectable
      url: "https://pub.dartlang.org"
    source: hosted
    version: "0.4.0"
  sandbox:
    description:
      name: sandbox
      url: "https://pub.dartlang.org"
    source: hosted
    version: "0.0.3"
  shelf:
    description:
      name: shelf
      url: "https://pub.dartlang.org"
    source: hosted
    version: "0.6.5"
  shelf_static:
    description:
      name: shelf_static
      url: "https://pub.dartlang.org"
    source: hosted
    version: "0.2.3+3"
  shelf_web_socket:
    description:
      name: shelf_web_socket
      url: "https://pub.dartlang.org"
    source: hosted
    version: "0.1.0"
  source_map_stack_trace:
    description:
      name: source_map_stack_trace
      url: "https://pub.dartlang.org"
    source: hosted
    version: "1.0.4"
  source_maps:
    description:
      name: source_maps
      url: "https://pub.dartlang.org"
    source: hosted
    version: "0.10.1"
  source_span:
    description:
      name: source_span
      url: "https://pub.dartlang.org"
    source: hosted
    version: "1.2.1"
  sqlite3_bindings:
    description:
      name: sqlite3_bindings
      url: "https://pub.dartlang.org"
    source: hosted
    version: "0.0.9"
  sqlite3_driver:
    description:
      name: sqlite3_driver
      url: "https://pub.dartlang.org"
    source: hosted
    version: "0.0.4"
  sqljocky:
    description:
      name: sqljocky
      url: "https://pub.dartlang.org"
    source: hosted
    version: "0.14.1"
  stack_trace:
    description:
      name: stack_trace
      url: "https://pub.dartlang.org"
    source: hosted
    version: "1.6.1"
  stream_channel:
    description:
      name: stream_channel
      url: "https://pub.dartlang.org"
    source: hosted
    version: "1.3.1"
  string_scanner:
    description:
      name: string_scanner
      url: "https://pub.dartlang.org"
    source: hosted
    version: "0.1.4+1"
  system_info:
    description:
      name: system_info
      url: "https://pub.dartlang.org"
    source: hosted
    version: "0.0.16"
  test:
    description:
      name: test
      url: "https://pub.dartlang.org"
    source: hosted
    version: "0.12.11+1"
  text:
    description:
      name: text
      url: "https://pub.dartlang.org"
    source: hosted
    version: "0.0.7"
  trestle:
    description:
      name: trestle
      url: "https://pub.dartlang.org"
    source: hosted
    version: "0.6.0"
  unittest:
    description:
      name: unittest
      url: "https://pub.dartlang.org"
    source: hosted
    version: "0.11.6+1"
  unsafe_extension:
    description:
      name: unsafe_extension
      url: "https://pub.dartlang.org"
    source: hosted
    version: "0.0.24"
  utf:
    description:
      name: utf
      url: "https://pub.dartlang.org"
    source: hosted
    version: "0.9.0+3"
  vm_service_client:
    description:
      name: vm_service_client
      url: "https://pub.dartlang.org"
    source: hosted
    version: "0.1.2"
  watcher:
    description:
      name: watcher
      url: "https://pub.dartlang.org"
    source: hosted
    version: "0.9.7"
  web_components:
    description:
      name: web_components
      url: "https://pub.dartlang.org"
    source: hosted
    version: "0.12.0+4"
  when:
    description:
      name: when
      url: "https://pub.dartlang.org"
    source: hosted
    version: "0.2.0"
  which:
    description:
      name: which
      url: "https://pub.dartlang.org"
    source: hosted
    version: "0.1.3"
  yaml:
    description:
      name: yaml
      url: "https://pub.dartlang.org"
    source: hosted
    version: "2.1.8"
sdk: ">=1.14.0 <1.16.0"
